
Microsoft Visual Studio Solution File, Format Version 12.00
# Visual Studio 2012
Project("{FAE04EC0-301F-11D3-BF4B-00C04F79EFBC}") = "KendoGlobal.Site", "KendoGlobal.Site\KendoGlobal.Site.csproj", "{F2A1F48E-265A-4103-84ED-742A64FEE6FA}"
EndProject
Project("{FAE04EC0-301F-11D3-BF4B-00C04F79EFBC}") = "KendoGlobal.Services", "KendoGlobal.Services\KendoGlobal.Services.csproj", "{4AD2F75E-58EF-411B-8BAE-E78132376096}"
EndProject
Project("{FAE04EC0-301F-11D3-BF4B-00C04F79EFBC}") = "KendoGlobal.Repositories", "KendoGlobal.Repositories\KendoGlobal.Repositories.csproj", "{EE30AC7D-6BB3-44BD-8529-463AE362AB76}"
EndProject
Project("{FAE04EC0-301F-11D3-BF4B-00C04F79EFBC}") = "KendoGlobal.Models", "KendoGlobal.Models\KendoGlobal.Models.csproj", "{668691AE-0ABC-41EA-8942-A50510740C8E}"
EndProject
Global
	GlobalSection(SolutionConfigurationPlatforms) = preSolution
		Debug|Any CPU = Debug|Any CPU
		Release|Any CPU = Release|Any CPU
	EndGlobalSection
	GlobalSection(ProjectConfigurationPlatforms) = postSolution
		{F2A1F48E-265A-4103-84ED-742A64FEE6FA}.Debug|Any CPU.ActiveCfg = Debug|Any CPU
		{F2A1F48E-265A-4103-84ED-742A64FEE6FA}.Debug|Any CPU.Build.0 = Debug|Any CPU
		{F2A1F48E-265A-4103-84ED-742A64FEE6FA}.Release|Any CPU.ActiveCfg = Release|Any CPU
		{F2A1F48E-265A-4103-84ED-742A64FEE6FA}.Release|Any CPU.Build.0 = Release|Any CPU
		{4AD2F75E-58EF-411B-8BAE-E78132376096}.Debug|Any CPU.ActiveCfg = Debug|Any CPU
		{4AD2F75E-58EF-411B-8BAE-E78132376096}.Debug|Any CPU.Build.0 = Debug|Any CPU
		{4AD2F75E-58EF-411B-8BAE-E78132376096}.Release|Any CPU.ActiveCfg = Release|Any CPU
		{4AD2F75E-58EF-411B-8BAE-E78132376096}.Release|Any CPU.Build.0 = Release|Any CPU
		{EE30AC7D-6BB3-44BD-8529-463AE362AB76}.Debug|Any CPU.ActiveCfg = Debug|Any CPU
		{EE30AC7D-6BB3-44BD-8529-463AE362AB76}.Debug|Any CPU.Build.0 = Debug|Any CPU
		{EE30AC7D-6BB3-44BD-8529-463AE362AB76}.Release|Any CPU.ActiveCfg = Release|Any CPU
		{EE30AC7D-6BB3-44BD-8529-463AE362AB76}.Release|Any CPU.Build.0 = Release|Any CPU
		{668691AE-0ABC-41EA-8942-A50510740C8E}.Debug|Any CPU.ActiveCfg = Debug|Any CPU
		{668691AE-0ABC-41EA-8942-A50510740C8E}.Debug|Any CPU.Build.0 = Debug|Any CPU
		{668691AE-0ABC-41EA-8942-A50510740C8E}.Release|Any CPU.ActiveCfg = Release|Any CPU
		{668691AE-0ABC-41EA-8942-A50510740C8E}.Release|Any CPU.Build.0 = Release|Any CPU
	EndGlobalSection
	GlobalSection(SolutionProperties) = preSolution
		HideSolutionNode = FALSE
	EndGlobalSection
EndGlobal
